
Microsoft Visual Studio Solution File, Format Version 12.00
# Visual Studio Version 17
VisualStudioVersion = 17.9.34622.214
MinimumVisualStudioVersion = 10.0.40219.1
Project("{FAE04EC0-301F-11D3-BF4B-00C04F79EFBC}") = "RazorCrud", "RazorCrud\RazorCrud.csproj", "{4F58CE9A-7399-431E-B7FC-F2E03159C29A}"
EndProject
Global
	GlobalSection(SolutionConfigurationPlatforms) = preSolution
		Debug|Any CPU = Debug|Any CPU
		Release|Any CPU = Release|Any CPU
	EndGlobalSection
	GlobalSection(ProjectConfigurationPlatforms) = postSolution
		{4F58CE9A-7399-431E-B7FC-F2E03159C29A}.Debug|Any CPU.ActiveCfg = Debug|Any CPU
		{4F58CE9A-7399-431E-B7FC-F2E03159C29A}.Debug|Any CPU.Build.0 = Debug|Any CPU
		{4F58CE9A-7399-431E-B7FC-F2E03159C29A}.Release|Any CPU.ActiveCfg = Release|Any CPU
		{4F58CE9A-7399-431E-B7FC-F2E03159C29A}.Release|Any CPU.Build.0 = Release|Any CPU
	EndGlobalSection
	GlobalSection(SolutionProperties) = preSolution
		HideSolutionNode = FALSE
	EndGlobalSection
	GlobalSection(ExtensibilityGlobals) = postSolution
		SolutionGuid = {EC46037A-B08E-4CF1-A33A-FDC25E1B8C9A}
	EndGlobalSection
EndGlobal
